
Microsoft Visual Studio Solution File, Format Version 12.00
# Visual Studio 15
VisualStudioVersion = 15.0.27703.1
MinimumVisualStudioVersion = 10.0.40219.1
Project("{9A19103F-16F7-4668-BE54-9A1E7A4F7556}") = "OnlineAuction.Infrastructure", "OnlineAuction.Infrastructure\OnlineAuction.Infrastructure.csproj", "{E744193D-860A-4365-AF3D-E8B357C06DB3}"
EndProject
Project("{9A19103F-16F7-4668-BE54-9A1E7A4F7556}") = "OnlineAuction.Core", "OnlineAuction.Core\OnlineAuction.Core.csproj", "{51FFEF6B-31F6-4511-A60A-216AA450DD1B}"
EndProject
Project("{9A19103F-16F7-4668-BE54-9A1E7A4F7556}") = "OnlineAuction.Web", "OnlineAuction.Web\OnlineAuction.Web.csproj", "{7EC594D3-D98D-40E7-B915-FBC9EEB6DDD8}"
EndProject
Project("{FAE04EC0-301F-11D3-BF4B-00C04F79EFBC}") = "OnlineAuction.Tests", "XUnitTestProject1\OnlineAuction.Tests.csproj", "{734FBAFB-509B-40DA-A9C5-E340467F43E6}"
EndProject
Global
	GlobalSection(SolutionConfigurationPlatforms) = preSolution
		Debug|Any CPU = Debug|Any CPU
		Release|Any CPU = Release|Any CPU
	EndGlobalSection
	GlobalSection(ProjectConfigurationPlatforms) = postSolution
		{E744193D-860A-4365-AF3D-E8B357C06DB3}.Debug|Any CPU.ActiveCfg = Debug|Any CPU
		{E744193D-860A-4365-AF3D-E8B357C06DB3}.Debug|Any CPU.Build.0 = Debug|Any CPU
		{E744193D-860A-4365-AF3D-E8B357C06DB3}.Release|Any CPU.ActiveCfg = Release|Any CPU
		{E744193D-860A-4365-AF3D-E8B357C06DB3}.Release|Any CPU.Build.0 = Release|Any CPU
		{51FFEF6B-31F6-4511-A60A-216AA450DD1B}.Debug|Any CPU.ActiveCfg = Debug|Any CPU
		{51FFEF6B-31F6-4511-A60A-216AA450DD1B}.Debug|Any CPU.Build.0 = Debug|Any CPU
		{51FFEF6B-31F6-4511-A60A-216AA450DD1B}.Release|Any CPU.ActiveCfg = Release|Any CPU
		{51FFEF6B-31F6-4511-A60A-216AA450DD1B}.Release|Any CPU.Build.0 = Release|Any CPU
		{7EC594D3-D98D-40E7-B915-FBC9EEB6DDD8}.Debug|Any CPU.ActiveCfg = Debug|Any CPU
		{7EC594D3-D98D-40E7-B915-FBC9EEB6DDD8}.Debug|Any CPU.Build.0 = Debug|Any CPU
		{7EC594D3-D98D-40E7-B915-FBC9EEB6DDD8}.Release|Any CPU.ActiveCfg = Release|Any CPU
		{7EC594D3-D98D-40E7-B915-FBC9EEB6DDD8}.Release|Any CPU.Build.0 = Release|Any CPU
		{734FBAFB-509B-40DA-A9C5-E340467F43E6}.Debug|Any CPU.ActiveCfg = Debug|Any CPU
		{734FBAFB-509B-40DA-A9C5-E340467F43E6}.Debug|Any CPU.Build.0 = Debug|Any CPU
		{734FBAFB-509B-40DA-A9C5-E340467F43E6}.Release|Any CPU.ActiveCfg = Release|Any CPU
		{734FBAFB-509B-40DA-A9C5-E340467F43E6}.Release|Any CPU.Build.0 = Release|Any CPU
	EndGlobalSection
	GlobalSection(SolutionProperties) = preSolution
		HideSolutionNode = FALSE
	EndGlobalSection
	GlobalSection(ExtensibilityGlobals) = postSolution
		SolutionGuid = {1B6C10DC-FD73-4C9C-81ED-5658B18EB590}
	EndGlobalSection
EndGlobal
